
Microsoft Visual Studio Solution File, Format Version 12.00
# Visual Studio Version 17
VisualStudioVersion = 17.7.34018.315
MinimumVisualStudioVersion = 10.0.40219.1
Project("{9A19103F-16F7-4668-BE54-9A1E7A4F7556}") = "FastFlat", "FastFlat\FastFlat.csproj", "{327155B3-B5D3-4F2C-BC6C-151B0ABD47C4}"
EndProject
Project("{2150E333-8FDC-42A3-9474-1A3956D46DE8}") = "Solution Items", "Solution Items", "{CCE8B25A-987A-4AAC-80BF-0F204E66C826}"
EndProject
Global
	GlobalSection(SolutionConfigurationPlatforms) = preSolution
		Debug|Any CPU = Debug|Any CPU
		Release|Any CPU = Release|Any CPU
	EndGlobalSection
	GlobalSection(ProjectConfigurationPlatforms) = postSolution
		{327155B3-B5D3-4F2C-BC6C-151B0ABD47C4}.Debug|Any CPU.ActiveCfg = Debug|Any CPU
		{327155B3-B5D3-4F2C-BC6C-151B0ABD47C4}.Debug|Any CPU.Build.0 = Debug|Any CPU
		{327155B3-B5D3-4F2C-BC6C-151B0ABD47C4}.Release|Any CPU.ActiveCfg = Release|Any CPU
		{327155B3-B5D3-4F2C-BC6C-151B0ABD47C4}.Release|Any CPU.Build.0 = Release|Any CPU
	EndGlobalSection
	GlobalSection(SolutionProperties) = preSolution
		HideSolutionNode = FALSE
	EndGlobalSection
	GlobalSection(ExtensibilityGlobals) = postSolution
		SolutionGuid = {17B76A24-287E-4774-B675-8C2B5DB4DEA0}
	EndGlobalSection
EndGlobal
